
Microsoft Visual Studio Solution File, Format Version 12.00
# Visual Studio Version 17
VisualStudioVersion = 17.0.31717.71
MinimumVisualStudioVersion = 10.0.40219.1
Project("{FAE04EC0-301F-11D3-BF4B-00C04F79EFBC}") = "HealthTracker", "HealthTracker.csproj", "{FBB2E049-1356-4533-A779-B5CABA13025E}"
EndProject
Global
	GlobalSection(SolutionConfigurationPlatforms) = preSolution
		Debug|Any CPU = Debug|Any CPU
		Release|Any CPU = Release|Any CPU
	EndGlobalSection
	GlobalSection(ProjectConfigurationPlatforms) = postSolution
		{FBB2E049-1356-4533-A779-B5CABA13025E}.Debug|Any CPU.ActiveCfg = Debug|Any CPU
		{FBB2E049-1356-4533-A779-B5CABA13025E}.Debug|Any CPU.Build.0 = Debug|Any CPU
		{FBB2E049-1356-4533-A779-B5CABA13025E}.Release|Any CPU.ActiveCfg = Release|Any CPU
		{FBB2E049-1356-4533-A779-B5CABA13025E}.Release|Any CPU.Build.0 = Release|Any CPU
	EndGlobalSection
	GlobalSection(SolutionProperties) = preSolution
		HideSolutionNode = FALSE
	EndGlobalSection
	GlobalSection(ExtensibilityGlobals) = postSolution
		SolutionGuid = {9251717A-A3FB-4EE6-BFAE-6F8F8EB42D0B}
	EndGlobalSection
EndGlobal
