
Microsoft Visual Studio Solution File, Format Version 12.00
# Visual Studio Version 17
VisualStudioVersion = 17.9.34310.174
MinimumVisualStudioVersion = 10.0.40219.1
Project("{FAE04EC0-301F-11D3-BF4B-00C04F79EFBC}") = "HealthTracker", "HealthTracker\HealthTracker\HealthTracker.csproj", "{B9924AC4-05B3-47F4-88BE-BFCDAC84871C}"
EndProject
Project("{FAE04EC0-301F-11D3-BF4B-00C04F79EFBC}") = "HealthTracker.Client", "HealthTracker\HealthTracker.Client\HealthTracker.Client.csproj", "{C4614A18-096D-4841-A265-046BF511D4FC}"
EndProject
Global
	GlobalSection(SolutionConfigurationPlatforms) = preSolution
		Debug|Any CPU = Debug|Any CPU
		Release|Any CPU = Release|Any CPU
	EndGlobalSection
	GlobalSection(ProjectConfigurationPlatforms) = postSolution
		{B9924AC4-05B3-47F4-88BE-BFCDAC84871C}.Debug|Any CPU.ActiveCfg = Debug|Any CPU
		{B9924AC4-05B3-47F4-88BE-BFCDAC84871C}.Debug|Any CPU.Build.0 = Debug|Any CPU
		{B9924AC4-05B3-47F4-88BE-BFCDAC84871C}.Release|Any CPU.ActiveCfg = Release|Any CPU
		{B9924AC4-05B3-47F4-88BE-BFCDAC84871C}.Release|Any CPU.Build.0 = Release|Any CPU
		{C4614A18-096D-4841-A265-046BF511D4FC}.Debug|Any CPU.ActiveCfg = Debug|Any CPU
		{C4614A18-096D-4841-A265-046BF511D4FC}.Debug|Any CPU.Build.0 = Debug|Any CPU
		{C4614A18-096D-4841-A265-046BF511D4FC}.Release|Any CPU.ActiveCfg = Release|Any CPU
		{C4614A18-096D-4841-A265-046BF511D4FC}.Release|Any CPU.Build.0 = Release|Any CPU
	EndGlobalSection
	GlobalSection(SolutionProperties) = preSolution
		HideSolutionNode = FALSE
	EndGlobalSection
	GlobalSection(ExtensibilityGlobals) = postSolution
		SolutionGuid = {743C72BA-4E6C-4C34-B638-1D53D7F66CE9}
	EndGlobalSection
EndGlobal
